
Microsoft Visual Studio Solution File, Format Version 12.00
# Visual Studio Version 17
VisualStudioVersion = 17.0.32014.148
MinimumVisualStudioVersion = 10.0.40219.1
Project("{9A19103F-16F7-4668-BE54-9A1E7A4F7556}") = "DecisionAdventure", "DecisionAdventure\DecisionAdventure.csproj", "{10FC925D-72D3-4B04-A32A-906C657A21FC}"
EndProject
Project("{FAE04EC0-301F-11D3-BF4B-00C04F79EFBC}") = "TestDecisionAdventure", "TestDecisionAdventure\TestDecisionAdventure.csproj", "{FA6C5E6F-DDE1-413B-BE51-7CEFA3F64001}"
EndProject
Global
	GlobalSection(SolutionConfigurationPlatforms) = preSolution
		Debug|Any CPU = Debug|Any CPU
		Release|Any CPU = Release|Any CPU
	EndGlobalSection
	GlobalSection(ProjectConfigurationPlatforms) = postSolution
		{10FC925D-72D3-4B04-A32A-906C657A21FC}.Debug|Any CPU.ActiveCfg = Debug|Any CPU
		{10FC925D-72D3-4B04-A32A-906C657A21FC}.Debug|Any CPU.Build.0 = Debug|Any CPU
		{10FC925D-72D3-4B04-A32A-906C657A21FC}.Release|Any CPU.ActiveCfg = Release|Any CPU
		{10FC925D-72D3-4B04-A32A-906C657A21FC}.Release|Any CPU.Build.0 = Release|Any CPU
		{FA6C5E6F-DDE1-413B-BE51-7CEFA3F64001}.Debug|Any CPU.ActiveCfg = Debug|Any CPU
		{FA6C5E6F-DDE1-413B-BE51-7CEFA3F64001}.Debug|Any CPU.Build.0 = Debug|Any CPU
		{FA6C5E6F-DDE1-413B-BE51-7CEFA3F64001}.Release|Any CPU.ActiveCfg = Release|Any CPU
		{FA6C5E6F-DDE1-413B-BE51-7CEFA3F64001}.Release|Any CPU.Build.0 = Release|Any CPU
	EndGlobalSection
	GlobalSection(SolutionProperties) = preSolution
		HideSolutionNode = FALSE
	EndGlobalSection
	GlobalSection(ExtensibilityGlobals) = postSolution
		SolutionGuid = {FEDE25F5-BE7E-47AF-A7E2-0BC9A3662247}
	EndGlobalSection
EndGlobal
